
Microsoft Visual Studio Solution File, Format Version 12.00
# Visual Studio Version 16
VisualStudioVersion = 16.0.29519.181
MinimumVisualStudioVersion = 10.0.40219.1
Project("{9A19103F-16F7-4668-BE54-9A1E7A4F7556}") = "PolynomialFactorizator", "PolynomFactorizator\PolynomialFactorizator.csproj", "{E6DA9CF6-52DF-4810-8AB3-4A7D8993BC98}"
EndProject
Global
	GlobalSection(SolutionConfigurationPlatforms) = preSolution
		Debug|Any CPU = Debug|Any CPU
		Release|Any CPU = Release|Any CPU
	EndGlobalSection
	GlobalSection(ProjectConfigurationPlatforms) = postSolution
		{E6DA9CF6-52DF-4810-8AB3-4A7D8993BC98}.Debug|Any CPU.ActiveCfg = Debug|Any CPU
		{E6DA9CF6-52DF-4810-8AB3-4A7D8993BC98}.Debug|Any CPU.Build.0 = Debug|Any CPU
		{E6DA9CF6-52DF-4810-8AB3-4A7D8993BC98}.Release|Any CPU.ActiveCfg = Release|Any CPU
		{E6DA9CF6-52DF-4810-8AB3-4A7D8993BC98}.Release|Any CPU.Build.0 = Release|Any CPU
	EndGlobalSection
	GlobalSection(SolutionProperties) = preSolution
		HideSolutionNode = FALSE
	EndGlobalSection
	GlobalSection(ExtensibilityGlobals) = postSolution
		SolutionGuid = {B82743E0-E7E4-4E24-9B34-00EED6A02EAD}
	EndGlobalSection
EndGlobal
