
Microsoft Visual Studio Solution File, Format Version 12.00
# Visual Studio Version 16
VisualStudioVersion = 16.0.29519.181
MinimumVisualStudioVersion = 10.0.40219.1
Project("{9A19103F-16F7-4668-BE54-9A1E7A4F7556}") = "PolynomialFactorizator", "PolynomFactorizator\PolynomialFactorizator.csproj", "{E6DA9CF6-52DF-4810-8AB3-4A7D8993BC98}"
EndProject
Project("{9A19103F-16F7-4668-BE54-9A1E7A4F7556}") = "SymbolicComputation", "SymbolicComputation\SymbolicComputation.csproj", "{732C6A82-57C0-4ABE-A50A-1B2D916BC1FE}"
	ProjectSection(ProjectDependencies) = postProject
		{A439311F-82BE-46F7-98C6-1F4CFBE7B1AC} = {A439311F-82BE-46F7-98C6-1F4CFBE7B1AC}
	EndProjectSection
EndProject
Project("{9A19103F-16F7-4668-BE54-9A1E7A4F7556}") = "SymbolicComputationPlots", "SymbolicComputationPlots\SymbolicComputationPlots.csproj", "{A8EA72D5-0C4B-461E-9767-359A87B76488}"
EndProject
Project("{FAE04EC0-301F-11D3-BF4B-00C04F79EFBC}") = "SymbolicComputationModel", "SymbolicComputationModel\SymbolicComputationModel.csproj", "{A439311F-82BE-46F7-98C6-1F4CFBE7B1AC}"
EndProject
Global
	GlobalSection(SolutionConfigurationPlatforms) = preSolution
		Debug|Any CPU = Debug|Any CPU
		Release|Any CPU = Release|Any CPU
	EndGlobalSection
	GlobalSection(ProjectConfigurationPlatforms) = postSolution
		{E6DA9CF6-52DF-4810-8AB3-4A7D8993BC98}.Debug|Any CPU.ActiveCfg = Debug|Any CPU
		{E6DA9CF6-52DF-4810-8AB3-4A7D8993BC98}.Debug|Any CPU.Build.0 = Debug|Any CPU
		{E6DA9CF6-52DF-4810-8AB3-4A7D8993BC98}.Release|Any CPU.ActiveCfg = Release|Any CPU
		{E6DA9CF6-52DF-4810-8AB3-4A7D8993BC98}.Release|Any CPU.Build.0 = Release|Any CPU
		{732C6A82-57C0-4ABE-A50A-1B2D916BC1FE}.Debug|Any CPU.ActiveCfg = Debug|Any CPU
		{732C6A82-57C0-4ABE-A50A-1B2D916BC1FE}.Debug|Any CPU.Build.0 = Debug|Any CPU
		{732C6A82-57C0-4ABE-A50A-1B2D916BC1FE}.Release|Any CPU.ActiveCfg = Release|Any CPU
		{732C6A82-57C0-4ABE-A50A-1B2D916BC1FE}.Release|Any CPU.Build.0 = Release|Any CPU
		{A8EA72D5-0C4B-461E-9767-359A87B76488}.Debug|Any CPU.ActiveCfg = Debug|Any CPU
		{A8EA72D5-0C4B-461E-9767-359A87B76488}.Debug|Any CPU.Build.0 = Debug|Any CPU
		{A8EA72D5-0C4B-461E-9767-359A87B76488}.Release|Any CPU.ActiveCfg = Release|Any CPU
		{A8EA72D5-0C4B-461E-9767-359A87B76488}.Release|Any CPU.Build.0 = Release|Any CPU
		{A439311F-82BE-46F7-98C6-1F4CFBE7B1AC}.Debug|Any CPU.ActiveCfg = Debug|Any CPU
		{A439311F-82BE-46F7-98C6-1F4CFBE7B1AC}.Debug|Any CPU.Build.0 = Debug|Any CPU
		{A439311F-82BE-46F7-98C6-1F4CFBE7B1AC}.Release|Any CPU.ActiveCfg = Release|Any CPU
		{A439311F-82BE-46F7-98C6-1F4CFBE7B1AC}.Release|Any CPU.Build.0 = Release|Any CPU
	EndGlobalSection
	GlobalSection(SolutionProperties) = preSolution
		HideSolutionNode = FALSE
	EndGlobalSection
	GlobalSection(ExtensibilityGlobals) = postSolution
		SolutionGuid = {B82743E0-E7E4-4E24-9B34-00EED6A02EAD}
	EndGlobalSection
EndGlobal
